
Microsoft Visual Studio Solution File, Format Version 12.00
# Visual Studio 15
VisualStudioVersion = 15.0.27703.2026
MinimumVisualStudioVersion = 10.0.40219.1
Project("{9A19103F-16F7-4668-BE54-9A1E7A4F7556}") = "Lexer.Tests", "Lexer.Tests\Lexer.Tests.csproj", "{759E4FF1-7269-4C65-953C-7751A88D5930}"
EndProject
Project("{9A19103F-16F7-4668-BE54-9A1E7A4F7556}") = "Token", "Token\Token.csproj", "{7AEC00DF-7892-47C1-972E-B61F3CB79CD2}"
EndProject
Project("{9A19103F-16F7-4668-BE54-9A1E7A4F7556}") = "Lexer", "Lexer\Lexer.csproj", "{955FD686-BF86-4401-A8B3-A6B972393A02}"
EndProject
Project("{9A19103F-16F7-4668-BE54-9A1E7A4F7556}") = "REPL", "REPL\REPL.csproj", "{A9195133-B7C7-40AB-AFFB-A1EE935CC7F1}"
EndProject
Project("{9A19103F-16F7-4668-BE54-9A1E7A4F7556}") = "AbstractSyntaxTree", "AbstractSyntaxTree\AbstractSyntaxTree.csproj", "{EBB282D3-1B66-44DB-B2F6-AB09C117E7DD}"
EndProject
Project("{9A19103F-16F7-4668-BE54-9A1E7A4F7556}") = "Parser", "Parser\Parser.csproj", "{D2E76649-E811-4862-A1B8-AC26831FD5DC}"
EndProject
Project("{FAE04EC0-301F-11D3-BF4B-00C04F79EFBC}") = "Parser.Tests", "Parser.Tests\Parser.Tests.csproj", "{813D13F6-4C65-4165-B9F9-02700156B740}"
EndProject
Global
	GlobalSection(SolutionConfigurationPlatforms) = preSolution
		Debug|Any CPU = Debug|Any CPU
		Release|Any CPU = Release|Any CPU
	EndGlobalSection
	GlobalSection(ProjectConfigurationPlatforms) = postSolution
		{759E4FF1-7269-4C65-953C-7751A88D5930}.Debug|Any CPU.ActiveCfg = Debug|Any CPU
		{759E4FF1-7269-4C65-953C-7751A88D5930}.Debug|Any CPU.Build.0 = Debug|Any CPU
		{759E4FF1-7269-4C65-953C-7751A88D5930}.Release|Any CPU.ActiveCfg = Release|Any CPU
		{759E4FF1-7269-4C65-953C-7751A88D5930}.Release|Any CPU.Build.0 = Release|Any CPU
		{7AEC00DF-7892-47C1-972E-B61F3CB79CD2}.Debug|Any CPU.ActiveCfg = Debug|Any CPU
		{7AEC00DF-7892-47C1-972E-B61F3CB79CD2}.Debug|Any CPU.Build.0 = Debug|Any CPU
		{7AEC00DF-7892-47C1-972E-B61F3CB79CD2}.Release|Any CPU.ActiveCfg = Release|Any CPU
		{7AEC00DF-7892-47C1-972E-B61F3CB79CD2}.Release|Any CPU.Build.0 = Release|Any CPU
		{955FD686-BF86-4401-A8B3-A6B972393A02}.Debug|Any CPU.ActiveCfg = Debug|Any CPU
		{955FD686-BF86-4401-A8B3-A6B972393A02}.Debug|Any CPU.Build.0 = Debug|Any CPU
		{955FD686-BF86-4401-A8B3-A6B972393A02}.Release|Any CPU.ActiveCfg = Release|Any CPU
		{955FD686-BF86-4401-A8B3-A6B972393A02}.Release|Any CPU.Build.0 = Release|Any CPU
		{A9195133-B7C7-40AB-AFFB-A1EE935CC7F1}.Debug|Any CPU.ActiveCfg = Debug|Any CPU
		{A9195133-B7C7-40AB-AFFB-A1EE935CC7F1}.Debug|Any CPU.Build.0 = Debug|Any CPU
		{A9195133-B7C7-40AB-AFFB-A1EE935CC7F1}.Release|Any CPU.ActiveCfg = Release|Any CPU
		{A9195133-B7C7-40AB-AFFB-A1EE935CC7F1}.Release|Any CPU.Build.0 = Release|Any CPU
		{EBB282D3-1B66-44DB-B2F6-AB09C117E7DD}.Debug|Any CPU.ActiveCfg = Debug|Any CPU
		{EBB282D3-1B66-44DB-B2F6-AB09C117E7DD}.Debug|Any CPU.Build.0 = Debug|Any CPU
		{EBB282D3-1B66-44DB-B2F6-AB09C117E7DD}.Release|Any CPU.ActiveCfg = Release|Any CPU
		{EBB282D3-1B66-44DB-B2F6-AB09C117E7DD}.Release|Any CPU.Build.0 = Release|Any CPU
		{D2E76649-E811-4862-A1B8-AC26831FD5DC}.Debug|Any CPU.ActiveCfg = Debug|Any CPU
		{D2E76649-E811-4862-A1B8-AC26831FD5DC}.Debug|Any CPU.Build.0 = Debug|Any CPU
		{D2E76649-E811-4862-A1B8-AC26831FD5DC}.Release|Any CPU.ActiveCfg = Release|Any CPU
		{D2E76649-E811-4862-A1B8-AC26831FD5DC}.Release|Any CPU.Build.0 = Release|Any CPU
		{813D13F6-4C65-4165-B9F9-02700156B740}.Debug|Any CPU.ActiveCfg = Debug|Any CPU
		{813D13F6-4C65-4165-B9F9-02700156B740}.Debug|Any CPU.Build.0 = Debug|Any CPU
		{813D13F6-4C65-4165-B9F9-02700156B740}.Release|Any CPU.ActiveCfg = Release|Any CPU
		{813D13F6-4C65-4165-B9F9-02700156B740}.Release|Any CPU.Build.0 = Release|Any CPU
	EndGlobalSection
	GlobalSection(SolutionProperties) = preSolution
		HideSolutionNode = FALSE
	EndGlobalSection
	GlobalSection(ExtensibilityGlobals) = postSolution
		SolutionGuid = {2DF11CA8-F7A2-41D3-92BB-91AAE60E114A}
	EndGlobalSection
EndGlobal
